
Microsoft Visual Studio Solution File, Format Version 12.00
# Visual Studio Version 17
VisualStudioVersion = 17.4.33205.214
MinimumVisualStudioVersion = 10.0.40219.1
Project("{FAE04EC0-301F-11D3-BF4B-00C04F79EFBC}") = "Proyecto-Integrador-CSHARP", "Proyecto-Integrador-CSHARP\Proyecto-Integrador-CSHARP.csproj", "{2C445202-2BF6-4825-9CBB-44F72263990B}"
EndProject
Global
	GlobalSection(SolutionConfigurationPlatforms) = preSolution
		Debug|Any CPU = Debug|Any CPU
		Release|Any CPU = Release|Any CPU
	EndGlobalSection
	GlobalSection(ProjectConfigurationPlatforms) = postSolution
		{2C445202-2BF6-4825-9CBB-44F72263990B}.Debug|Any CPU.ActiveCfg = Debug|Any CPU
		{2C445202-2BF6-4825-9CBB-44F72263990B}.Debug|Any CPU.Build.0 = Debug|Any CPU
		{2C445202-2BF6-4825-9CBB-44F72263990B}.Release|Any CPU.ActiveCfg = Release|Any CPU
		{2C445202-2BF6-4825-9CBB-44F72263990B}.Release|Any CPU.Build.0 = Release|Any CPU
	EndGlobalSection
	GlobalSection(SolutionProperties) = preSolution
		HideSolutionNode = FALSE
	EndGlobalSection
	GlobalSection(ExtensibilityGlobals) = postSolution
		SolutionGuid = {C7A2B027-15A8-4E1F-9878-FEA3B0F8A8A2}
	EndGlobalSection
EndGlobal
